
Microsoft Visual Studio Solution File, Format Version 12.00
# Visual Studio Version 16
VisualStudioVersion = 16.0.30523.141
MinimumVisualStudioVersion = 10.0.40219.1
Project("{9A19103F-16F7-4668-BE54-9A1E7A4F7556}") = "DataAccess", "DataAccess\DataAccess.csproj", "{D601387F-4BD0-434F-AC86-DC7DFB532211}"
EndProject
Project("{9A19103F-16F7-4668-BE54-9A1E7A4F7556}") = "Business", "Business\Business.csproj", "{7C69F34D-C28D-47BE-AE84-300BA1FD22E6}"
EndProject
Project("{9A19103F-16F7-4668-BE54-9A1E7A4F7556}") = "ConsoleUI", "ConsoleUI\ConsoleUI.csproj", "{1010C125-78B9-46EC-B69C-7AEDA51FBA32}"
	ProjectSection(ProjectDependencies) = postProject
		{7C69F34D-C28D-47BE-AE84-300BA1FD22E6} = {7C69F34D-C28D-47BE-AE84-300BA1FD22E6}
		{D601387F-4BD0-434F-AC86-DC7DFB532211} = {D601387F-4BD0-434F-AC86-DC7DFB532211}
		{4AB89DF3-3905-475B-BB42-4DF4A826BBEE} = {4AB89DF3-3905-475B-BB42-4DF4A826BBEE}
	EndProjectSection
EndProject
Project("{9A19103F-16F7-4668-BE54-9A1E7A4F7556}") = "Entities", "Entities\Entities.csproj", "{4AB89DF3-3905-475B-BB42-4DF4A826BBEE}"
EndProject
Project("{9A19103F-16F7-4668-BE54-9A1E7A4F7556}") = "Core", "Core\Core.csproj", "{B41C0D4B-0EBB-42B4-BBEF-2EB75004D3D7}"
EndProject
Project("{9A19103F-16F7-4668-BE54-9A1E7A4F7556}") = "WebAPI", "WebAPI\WebAPI.csproj", "{F7A4F51E-BD1F-402F-8A39-2B3211F1939E}"
EndProject
Global
	GlobalSection(SolutionConfigurationPlatforms) = preSolution
		Debug|Any CPU = Debug|Any CPU
		Release|Any CPU = Release|Any CPU
	EndGlobalSection
	GlobalSection(ProjectConfigurationPlatforms) = postSolution
		{D601387F-4BD0-434F-AC86-DC7DFB532211}.Debug|Any CPU.ActiveCfg = Debug|Any CPU
		{D601387F-4BD0-434F-AC86-DC7DFB532211}.Debug|Any CPU.Build.0 = Debug|Any CPU
		{D601387F-4BD0-434F-AC86-DC7DFB532211}.Release|Any CPU.ActiveCfg = Release|Any CPU
		{D601387F-4BD0-434F-AC86-DC7DFB532211}.Release|Any CPU.Build.0 = Release|Any CPU
		{7C69F34D-C28D-47BE-AE84-300BA1FD22E6}.Debug|Any CPU.ActiveCfg = Debug|Any CPU
		{7C69F34D-C28D-47BE-AE84-300BA1FD22E6}.Debug|Any CPU.Build.0 = Debug|Any CPU
		{7C69F34D-C28D-47BE-AE84-300BA1FD22E6}.Release|Any CPU.ActiveCfg = Release|Any CPU
		{7C69F34D-C28D-47BE-AE84-300BA1FD22E6}.Release|Any CPU.Build.0 = Release|Any CPU
		{1010C125-78B9-46EC-B69C-7AEDA51FBA32}.Debug|Any CPU.ActiveCfg = Debug|Any CPU
		{1010C125-78B9-46EC-B69C-7AEDA51FBA32}.Debug|Any CPU.Build.0 = Debug|Any CPU
		{1010C125-78B9-46EC-B69C-7AEDA51FBA32}.Release|Any CPU.ActiveCfg = Release|Any CPU
		{1010C125-78B9-46EC-B69C-7AEDA51FBA32}.Release|Any CPU.Build.0 = Release|Any CPU
		{4AB89DF3-3905-475B-BB42-4DF4A826BBEE}.Debug|Any CPU.ActiveCfg = Debug|Any CPU
		{4AB89DF3-3905-475B-BB42-4DF4A826BBEE}.Debug|Any CPU.Build.0 = Debug|Any CPU
		{4AB89DF3-3905-475B-BB42-4DF4A826BBEE}.Release|Any CPU.ActiveCfg = Release|Any CPU
		{4AB89DF3-3905-475B-BB42-4DF4A826BBEE}.Release|Any CPU.Build.0 = Release|Any CPU
		{B41C0D4B-0EBB-42B4-BBEF-2EB75004D3D7}.Debug|Any CPU.ActiveCfg = Debug|Any CPU
		{B41C0D4B-0EBB-42B4-BBEF-2EB75004D3D7}.Debug|Any CPU.Build.0 = Debug|Any CPU
		{B41C0D4B-0EBB-42B4-BBEF-2EB75004D3D7}.Release|Any CPU.ActiveCfg = Release|Any CPU
		{B41C0D4B-0EBB-42B4-BBEF-2EB75004D3D7}.Release|Any CPU.Build.0 = Release|Any CPU
		{F7A4F51E-BD1F-402F-8A39-2B3211F1939E}.Debug|Any CPU.ActiveCfg = Debug|Any CPU
		{F7A4F51E-BD1F-402F-8A39-2B3211F1939E}.Debug|Any CPU.Build.0 = Debug|Any CPU
		{F7A4F51E-BD1F-402F-8A39-2B3211F1939E}.Release|Any CPU.ActiveCfg = Release|Any CPU
		{F7A4F51E-BD1F-402F-8A39-2B3211F1939E}.Release|Any CPU.Build.0 = Release|Any CPU
	EndGlobalSection
	GlobalSection(SolutionProperties) = preSolution
		HideSolutionNode = FALSE
	EndGlobalSection
	GlobalSection(ExtensibilityGlobals) = postSolution
		SolutionGuid = {73BB8553-0667-4D93-B1DD-092863B8E55C}
	EndGlobalSection
EndGlobal
